# Generated by pub
# See https://dart.dev/tools/pub/glossary#lockfile
packages:
  code:
    dependency: "direct main"
    description:
      path: "."
      ref: HEAD
      resolved-ref: e8b9a221eb7c3c080ba9984727f0ca9569592f93
      url: "https://github.com/water-mizuu/code.git"
    source: git
    version: "0.0.0"
sdks:
  dart: ">=3.1.0-0"
